# THIS IS AN AUTOGENERATED FILE. DO NOT EDIT THIS FILE DIRECTLY.
# yarn lockfile v1


"@laura-wert/git-clean-status@^1.0.0":
  version "1.0.0"
  resolved "https://registry.yarnpkg.com/@laura-wert/git-clean-status/-/git-clean-status-1.0.0.tgz#faadfd2fb13da2b46ff6e90c3b631e9bea03b088"
  integrity sha1-+q39L7E9orRv9ukMO2Mem+oDsIg=
